f916a98f:https://fonts.googleapis.com/css2?family=Material+Symbols+Rounded:FILL@0..1&icon_names=account_circle,add,add_circle,add_reaction,alternate_email,article_person,attach_file,bar_chart,block,book,brush,cached,calendar_month,call,check,chevron_forward,close,cognition,computer,content_copy,crowdsource,crown,cruelty_free,data_loss_prevention,deceased,delete,diversity_1,do_not_disturb_on,download,draft,edit,error,face,favorite,folder_open,gamepad,gif,globe,gpp_maybe,group,group_add,heart_broken,history,home,image,inbox,info,keep,key,key_off,keyboard_arrow_down,keyboard_return,login,logout,mail,mobile,more_horiz,movie,music_note,notifications_off,open_in_new,panorama,password,pending,person,person_add,person_add_disabled,pets,reply,robot_2,save,schedule,search,segment,sell,send,settings,shield,side_navigation,skull,social_leaderboard,sound_detection_dog_barking,tag,terminal,trending_up,undo,upload_file,verified,verified_user,visibility,volume_off,volunteer_activism,wallpaper,warning,wrap_text&display=swap