d64571eb:https://fonts.googleapis.com/css2?family=Material+Symbols+Rounded:FILL@0..1&icon_names=alternate_email,article_person,attach_file,block,book,cached,call,check,close,content_copy,deceased,delete,diversity_1,download,draft,edit,folder_open,gamepad,home,inbox,info,keep,keyboard_arrow_down,login,logout,mail,more_horiz,movie,music_note,open_in_new,pending,reply,schedule,segment,send,side_navigation,tag,terminal,trending_up,upload_file,warning,wrap_text&display=swap