89a2bb32:https://fonts.googleapis.com/css2?family=Material+Symbols+Rounded:FILL@0..1&icon_names=alternate_email,article_person,book,cached,check,close,content_copy,delete,diversity_1,edit,home,inbox,info,keyboard_arrow_down,login,mail,more_horiz,pending,reply,segment,send,side_navigation,tag,wrap_text&display=swap